
Microsoft Visual Studio Solution File, Format Version 12.00
# Visual Studio Version 17
VisualStudioVersion = 17.0.32112.339
MinimumVisualStudioVersion = 10.0.40219.1
Project("{9A19103F-16F7-4668-BE54-9A1E7A4F7556}") = "Domain", "Domain\Domain.csproj", "{B0845575-35FD-4D92-9470-ABD309CC003C}"
EndProject
Project("{2150E333-8FDC-42A3-9474-1A3956D46DE8}") = "Core", "Core", "{4136EBC0-494B-495B-A9D7-8BBC19F54B7A}"
EndProject
Project("{9A19103F-16F7-4668-BE54-9A1E7A4F7556}") = "Application", "Application\Application.csproj", "{78A78060-E535-4E80-BEEB-E44086B9BF73}"
EndProject
Project("{2150E333-8FDC-42A3-9474-1A3956D46DE8}") = "Infrastructure", "Infrastructure", "{646C1BEB-D772-4CFC-AB77-0A67A925D7C1}"
EndProject
Project("{FAE04EC0-301F-11D3-BF4B-00C04F79EFBC}") = "Persistence", "Persistence\Persistence.csproj", "{D637BD4E-198C-4EF4-8063-ADE75033096A}"
EndProject
Project("{2150E333-8FDC-42A3-9474-1A3956D46DE8}") = "WebApi", "WebApi", "{14C99D48-ED91-4917-A590-4EBE3ED4474C}"
EndProject
Project("{FAE04EC0-301F-11D3-BF4B-00C04F79EFBC}") = "UserApi", "UserApi\UserApi.csproj", "{465F3FDB-2811-4976-A704-2F683ECA7028}"
EndProject
Global
	GlobalSection(SolutionConfigurationPlatforms) = preSolution
		Debug|Any CPU = Debug|Any CPU
		Release|Any CPU = Release|Any CPU
	EndGlobalSection
	GlobalSection(ProjectConfigurationPlatforms) = postSolution
		{B0845575-35FD-4D92-9470-ABD309CC003C}.Debug|Any CPU.ActiveCfg = Debug|Any CPU
		{B0845575-35FD-4D92-9470-ABD309CC003C}.Debug|Any CPU.Build.0 = Debug|Any CPU
		{B0845575-35FD-4D92-9470-ABD309CC003C}.Release|Any CPU.ActiveCfg = Release|Any CPU
		{B0845575-35FD-4D92-9470-ABD309CC003C}.Release|Any CPU.Build.0 = Release|Any CPU
		{78A78060-E535-4E80-BEEB-E44086B9BF73}.Debug|Any CPU.ActiveCfg = Debug|Any CPU
		{78A78060-E535-4E80-BEEB-E44086B9BF73}.Debug|Any CPU.Build.0 = Debug|Any CPU
		{78A78060-E535-4E80-BEEB-E44086B9BF73}.Release|Any CPU.ActiveCfg = Release|Any CPU
		{78A78060-E535-4E80-BEEB-E44086B9BF73}.Release|Any CPU.Build.0 = Release|Any CPU
		{D637BD4E-198C-4EF4-8063-ADE75033096A}.Debug|Any CPU.ActiveCfg = Debug|Any CPU
		{D637BD4E-198C-4EF4-8063-ADE75033096A}.Debug|Any CPU.Build.0 = Debug|Any CPU
		{D637BD4E-198C-4EF4-8063-ADE75033096A}.Release|Any CPU.ActiveCfg = Release|Any CPU
		{D637BD4E-198C-4EF4-8063-ADE75033096A}.Release|Any CPU.Build.0 = Release|Any CPU
		{465F3FDB-2811-4976-A704-2F683ECA7028}.Debug|Any CPU.ActiveCfg = Debug|Any CPU
		{465F3FDB-2811-4976-A704-2F683ECA7028}.Debug|Any CPU.Build.0 = Debug|Any CPU
		{465F3FDB-2811-4976-A704-2F683ECA7028}.Release|Any CPU.ActiveCfg = Release|Any CPU
		{465F3FDB-2811-4976-A704-2F683ECA7028}.Release|Any CPU.Build.0 = Release|Any CPU
	EndGlobalSection
	GlobalSection(SolutionProperties) = preSolution
		HideSolutionNode = FALSE
	EndGlobalSection
	GlobalSection(NestedProjects) = preSolution
		{B0845575-35FD-4D92-9470-ABD309CC003C} = {4136EBC0-494B-495B-A9D7-8BBC19F54B7A}
		{78A78060-E535-4E80-BEEB-E44086B9BF73} = {4136EBC0-494B-495B-A9D7-8BBC19F54B7A}
		{D637BD4E-198C-4EF4-8063-ADE75033096A} = {646C1BEB-D772-4CFC-AB77-0A67A925D7C1}
		{465F3FDB-2811-4976-A704-2F683ECA7028} = {14C99D48-ED91-4917-A590-4EBE3ED4474C}
	EndGlobalSection
	GlobalSection(ExtensibilityGlobals) = postSolution
		SolutionGuid = {404205E2-6267-4C19-BC45-B0AF33BA9ECA}
	EndGlobalSection
EndGlobal
